
Microsoft Visual Studio Solution File, Format Version 12.00
# Visual Studio Version 17
VisualStudioVersion = 17.6.33815.320
MinimumVisualStudioVersion = 10.0.40219.1
Project("{FAE04EC0-301F-11D3-BF4B-00C04F79EFBC}") = "ConsoleApp4", "ConsoleApp4\ConsoleApp4.csproj", "{958B17A3-A169-436C-8967-166DE35C733C}"
EndProject
Global
	GlobalSection(SolutionConfigurationPlatforms) = preSolution
		Debug|Any CPU = Debug|Any CPU
		Release|Any CPU = Release|Any CPU
	EndGlobalSection
	GlobalSection(ProjectConfigurationPlatforms) = postSolution
		{958B17A3-A169-436C-8967-166DE35C733C}.Debug|Any CPU.ActiveCfg = Debug|Any CPU
		{958B17A3-A169-436C-8967-166DE35C733C}.Debug|Any CPU.Build.0 = Debug|Any CPU
		{958B17A3-A169-436C-8967-166DE35C733C}.Release|Any CPU.ActiveCfg = Release|Any CPU
		{958B17A3-A169-436C-8967-166DE35C733C}.Release|Any CPU.Build.0 = Release|Any CPU
	EndGlobalSection
	GlobalSection(SolutionProperties) = preSolution
		HideSolutionNode = FALSE
	EndGlobalSection
	GlobalSection(ExtensibilityGlobals) = postSolution
		SolutionGuid = {7174F435-A3F1-45F0-8658-D179B4B01F78}
	EndGlobalSection
EndGlobal
